{
  "nodes": {
    "home-manager": {
      "inputs": {
        "nixpkgs": [
          "nixpkgs"
        ]
      },
      "locked": {
        "lastModified": 1600463964,
        "narHash": "sha256-sMOleAVVaEzD2oc0TNnODFTv8rCKau7c1N1jWRGiLio=",
        "owner": "rycee",
        "repo": "home-manager",
        "rev": "c5fbe2c4c2369c7fa565e806556444c1346eb015",
        "type": "github"
      },
      "original": {
        "owner": "rycee",
        "ref": "bqv-flakes",
        "repo": "home-manager",
        "type": "github"
      }
    },
    "master": {
      "locked": {
        "lastModified": 1603984917,
        "narHash": "sha256-RiKHi2SOpLsUoiCHD6Trs/JqTfe96mLm+KMYFH1lw40=",
        "owner": "NixOS",
        "repo": "nixpkgs",
        "rev": "59c53bc62e1e25015bd8deedd7252ee5037314b3",
        "type": "github"
      },
      "original": {
        "owner": "NixOS",
        "ref": "master",
        "repo": "nixpkgs",
        "type": "github"
      }
    },
    "nixpkgs": {
      "locked": {
        "lastModified": 1603918233,
        "narHash": "sha256-kc3v+TMNjJRiV9/HinAx7qsWI2wGPHToGnCeOYmahLI=",
        "owner": "NixOS",
        "repo": "nixpkgs",
        "rev": "edb26126d98bc696f4f3e206583faa65d3d6e818",
        "type": "github"
      },
      "original": {
        "owner": "NixOS",
        "ref": "nixos-20.09",
        "repo": "nixpkgs",
        "type": "github"
      }
    },
    "root": {
      "inputs": {
        "home-manager": "home-manager",
        "master": "master",
        "nixpkgs": "nixpkgs",
        "unstable": "unstable"
      }
    },
    "unstable": {
      "locked": {
        "lastModified": 1603758576,
        "narHash": "sha256-xKFmWVx+rFInBao3gtmvXcd0LjHD1+0c1Ef5PJDrbuM=",
        "owner": "NixOS",
        "repo": "nixpkgs",
        "rev": "1dc37370c489b610f8b91d7fdd40633163ffbafd",
        "type": "github"
      },
      "original": {
        "owner": "NixOS",
        "ref": "nixos-unstable",
        "repo": "nixpkgs",
        "type": "github"
      }
    }
  },
  "root": "root",
  "version": 7
}
