{
  "nodes": {
    "emacs-overlay": {
      "inputs": {
        "emacs-pgtk-nativecomp": "emacs-pgtk-nativecomp",
        "flake-utils": "flake-utils",
        "nixpkgs": "nixpkgs"
      },
      "locked": {
        "lastModified": 1602275790,
        "narHash": "sha256-v1Wopl1iBtZNJYmsedGmzJr4edPMvdFh9hkBrMFmn40=",
        "owner": "berbiche",
        "repo": "emacs-pgtk-nativecomp-overlay",
        "rev": "faeb797b784141d60fe1c35a8abcf10e1736d69f",
        "type": "github"
      },
      "original": {
        "owner": "berbiche",
        "ref": "master-2",
        "repo": "emacs-pgtk-nativecomp-overlay",
        "type": "github"
      }
    },
    "emacs-pgtk-nativecomp": {
      "flake": false,
      "locked": {
        "lastModified": 1602200331,
        "narHash": "sha256-+5aQKcWEV9l1Rf71ejnkI9ZFyr0kvKR8sJacc72IXYc=",
        "owner": "flatwhatson",
        "repo": "emacs",
        "rev": "920d458ab5971c8729f26449926b0436a72138ba",
        "type": "github"
      },
      "original": {
        "owner": "flatwhatson",
        "ref": "pgtk-nativecomp",
        "repo": "emacs",
        "type": "github"
      }
    },
    "flake-utils": {
      "locked": {
        "lastModified": 1601282935,
        "narHash": "sha256-WQAFV6sGGQxrRs3a+/Yj9xUYvhTpukQJIcMbIi7LCJ4=",
        "owner": "numtide",
        "repo": "flake-utils",
        "rev": "588973065fce51f4763287f0fda87a174d78bf48",
        "type": "github"
      },
      "original": {
        "owner": "numtide",
        "repo": "flake-utils",
        "type": "github"
      }
    },
    "home-manager": {
      "inputs": {
        "nixpkgs": [
          "nixpkgs"
        ]
      },
      "locked": {
        "lastModified": 1603922580,
        "narHash": "sha256-rPJ3YxsVm5YYHzIRLy1w3jSXIQvVXK1KydraC7m/2xc=",
        "owner": "rycee",
        "repo": "home-manager",
        "rev": "a98ec6ec158686387d66654ea96153ec06be33d7",
        "type": "github"
      },
      "original": {
        "owner": "rycee",
        "repo": "home-manager",
        "type": "github"
      }
    },
    "master": {
      "locked": {
        "lastModified": 1604311051,
        "narHash": "sha256-R/zjWp2Q9c4uYHdK2ERmu9zcUfQvp/H7Qy+/XHuuEZo=",
        "owner": "nixos",
        "repo": "nixpkgs",
        "rev": "b50e1a1668848567509641941de35ee76e243062",
        "type": "github"
      },
      "original": {
        "owner": "nixos",
        "ref": "master",
        "repo": "nixpkgs",
        "type": "github"
      }
    },
    "nixpkgs": {
      "locked": {
        "lastModified": 1602066138,
        "narHash": "sha256-aV0PWKhVYQNLQuFW2qfBXa3JWmPPKSHFJ65ac83JMzE=",
        "owner": "nixos",
        "repo": "nixpkgs",
        "rev": "420f89ceb267b461eed5d025b6c3c0e57703cc5c",
        "type": "github"
      },
      "original": {
        "owner": "nixos",
        "ref": "nixos-unstable",
        "repo": "nixpkgs",
        "type": "github"
      }
    },
    "nixpkgs_2": {
      "locked": {
        "lastModified": 1603918233,
        "narHash": "sha256-kc3v+TMNjJRiV9/HinAx7qsWI2wGPHToGnCeOYmahLI=",
        "owner": "nixos",
        "repo": "nixpkgs",
        "rev": "edb26126d98bc696f4f3e206583faa65d3d6e818",
        "type": "github"
      },
      "original": {
        "owner": "nixos",
        "ref": "nixos-20.09",
        "repo": "nixpkgs",
        "type": "github"
      }
    },
    "nur": {
      "locked": {
        "lastModified": 1604045828,
        "narHash": "sha256-2ejKvhO2lsJiu79UaS8x9zIO8Qd6qGXWsrKPjZqmiuc=",
        "owner": "nix-community",
        "repo": "NUR",
        "rev": "76c8fb8b612e3fd6ff597464a4035086763fbf11",
        "type": "github"
      },
      "original": {
        "owner": "nix-community",
        "repo": "NUR",
        "type": "github"
      }
    },
    "root": {
      "inputs": {
        "emacs-overlay": "emacs-overlay",
        "home-manager": "home-manager",
        "master": "master",
        "nixpkgs": "nixpkgs_2",
        "nur": "nur",
        "unstable": "unstable"
      }
    },
    "unstable": {
      "locked": {
        "lastModified": 1603758576,
        "narHash": "sha256-xKFmWVx+rFInBao3gtmvXcd0LjHD1+0c1Ef5PJDrbuM=",
        "owner": "nixos",
        "repo": "nixpkgs",
        "rev": "1dc37370c489b610f8b91d7fdd40633163ffbafd",
        "type": "github"
      },
      "original": {
        "owner": "nixos",
        "ref": "nixos-unstable",
        "repo": "nixpkgs",
        "type": "github"
      }
    }
  },
  "root": "root",
  "version": 7
}
