{
  "nodes": {
    "devshell-flake": {
      "locked": {
        "lastModified": 1618523768,
        "narHash": "sha256-Gev9da35pHUey3kGz/zrJFc/9ICs++vPCho7qB1mqd8=",
        "owner": "numtide",
        "repo": "devshell",
        "rev": "709fe4d04a9101c9d224ad83f73416dce71baf21",
        "type": "github"
      },
      "original": {
        "owner": "numtide",
        "repo": "devshell",
        "type": "github"
      }
    },
    "emacs-ng": {
      "inputs": {
        "devshell-flake": "devshell-flake",
        "emacs-overlay": "emacs-overlay",
        "emacsNg-src": "emacsNg-src",
        "flake-compat": "flake-compat",
        "flake-utils": "flake-utils",
        "master": "master",
        "nixpkgs": "nixpkgs",
        "rust-overlay": "rust-overlay"
      },
      "locked": {
        "lastModified": 1623748997,
        "narHash": "sha256-RTmgyfrgdLM1m+hMfaMYAk7FxmPvPJaoCK4ogHH1s+g=",
        "owner": "emacs-ng",
        "repo": "emacs-ng",
        "rev": "04958a44d449a86d711af7d053ae3c39062f8a2e",
        "type": "github"
      },
      "original": {
        "owner": "emacs-ng",
        "repo": "emacs-ng",
        "type": "github"
      }
    },
    "emacs-overlay": {
      "locked": {
        "lastModified": 1620586397,
        "narHash": "sha256-KKOSEMOnJBjAX8BJxCOV9j7Z8Z7AwJTonck0YjrTb6Y=",
        "owner": "nix-community",
        "repo": "emacs-overlay",
        "rev": "ff45792c8a45f7fe64d48dcb313781804fabf138",
        "type": "github"
      },
      "original": {
        "owner": "nix-community",
        "repo": "emacs-overlay",
        "type": "github"
      }
    },
    "emacs-overlay_2": {
      "locked": {
        "lastModified": 1623518868,
        "narHash": "sha256-m0B2Mbjz1LVWp9YhC8aq9cBoMCeBDp6iHglDGJMmVnE=",
        "owner": "nix-community",
        "repo": "emacs-overlay",
        "rev": "635ddae4ea9d1d45fa5a225a9c2c24f6fdbf6746",
        "type": "github"
      },
      "original": {
        "owner": "nix-community",
        "repo": "emacs-overlay",
        "type": "github"
      }
    },
    "emacsNg-src": {
      "flake": false,
      "locked": {
        "lastModified": 1623689892,
        "narHash": "sha256-QB1YGaIJaxowoazJD3o09q8/OnvkYOXNj/DNLLESypU=",
        "owner": "emacs-ng",
        "repo": "emacs-ng",
        "rev": "15933baebbeaef4bf32711e3ae8f7e71aeea0fd6",
        "type": "github"
      },
      "original": {
        "owner": "emacs-ng",
        "repo": "emacs-ng",
        "type": "github"
      }
    },
    "flake-compat": {
      "flake": false,
      "locked": {
        "lastModified": 1606424373,
        "narHash": "sha256-oq8d4//CJOrVj+EcOaSXvMebvuTkmBJuT5tzlfewUnQ=",
        "owner": "edolstra",
        "repo": "flake-compat",
        "rev": "99f1c2157fba4bfe6211a321fd0ee43199025dbf",
        "type": "github"
      },
      "original": {
        "owner": "edolstra",
        "repo": "flake-compat",
        "type": "github"
      }
    },
    "flake-utils": {
      "locked": {
        "lastModified": 1619345332,
        "narHash": "sha256-qHnQkEp1uklKTpx3MvKtY6xzgcqXDsz5nLilbbuL+3A=",
        "owner": "numtide",
        "repo": "flake-utils",
        "rev": "2ebf2558e5bf978c7fb8ea927dfaed8fefab2e28",
        "type": "github"
      },
      "original": {
        "owner": "numtide",
        "repo": "flake-utils",
        "type": "github"
      }
    },
    "flake-utils_2": {
      "locked": {
        "lastModified": 1614513358,
        "narHash": "sha256-LakhOx3S1dRjnh0b5Dg3mbZyH0ToC9I8Y2wKSkBaTzU=",
        "owner": "numtide",
        "repo": "flake-utils",
        "rev": "5466c5bbece17adaab2d82fae80b46e807611bf3",
        "type": "github"
      },
      "original": {
        "owner": "numtide",
        "repo": "flake-utils",
        "type": "github"
      }
    },
    "flake-utils_3": {
      "locked": {
        "lastModified": 1614513358,
        "narHash": "sha256-LakhOx3S1dRjnh0b5Dg3mbZyH0ToC9I8Y2wKSkBaTzU=",
        "owner": "numtide",
        "repo": "flake-utils",
        "rev": "5466c5bbece17adaab2d82fae80b46e807611bf3",
        "type": "github"
      },
      "original": {
        "owner": "numtide",
        "repo": "flake-utils",
        "type": "github"
      }
    },
    "home-manager": {
      "inputs": {
        "nixpkgs": [
          "nixpkgs"
        ]
      },
      "locked": {
        "lastModified": 1622312678,
        "narHash": "sha256-LsVDvO6TBnSQNNoV+Dt10+jx91eS74k8hf4zIOMAyR0=",
        "owner": "rycee",
        "repo": "home-manager",
        "rev": "49706878e1580d796cc99b63574310405935113f",
        "type": "github"
      },
      "original": {
        "owner": "rycee",
        "ref": "release-20.09",
        "repo": "home-manager",
        "type": "github"
      }
    },
    "master": {
      "locked": {
        "lastModified": 1610942247,
        "narHash": "sha256-PKo1ATAlC6BmfYSRmX0TVmNoFbrec+A5OKcabGEu2yU=",
        "owner": "NixOS",
        "repo": "nixpkgs",
        "rev": "7d71001b796340b219d1bfa8552c81995017544a",
        "type": "github"
      },
      "original": {
        "id": "nixpkgs",
        "rev": "7d71001b796340b219d1bfa8552c81995017544a",
        "type": "indirect"
      }
    },
    "master_2": {
      "locked": {
        "lastModified": 1623531019,
        "narHash": "sha256-p5Vb2Z0rElIPsYmBcXbWFRO1kCJ5SMlg8U/Ig0vM+jI=",
        "owner": "nixos",
        "repo": "nixpkgs",
        "rev": "38a0226d57cfbbedbcf813ef9c29049f525c78aa",
        "type": "github"
      },
      "original": {
        "owner": "nixos",
        "ref": "master",
        "repo": "nixpkgs",
        "type": "github"
      }
    },
    "nixpkgs": {
      "locked": {
        "lastModified": 1620330441,
        "narHash": "sha256-j3Q5xQk+C/xvt+fH64JfZq98b9J6GjIYL8tjzIWwCR4=",
        "owner": "NixOS",
        "repo": "nixpkgs",
        "rev": "67bbabc0a471ec286cf63f3424c91eb8b31d9000",
        "type": "github"
      },
      "original": {
        "id": "nixpkgs",
        "rev": "67bbabc0a471ec286cf63f3424c91eb8b31d9000",
        "type": "indirect"
      }
    },
    "nixpkgs_2": {
      "locked": {
        "lastModified": 1623351452,
        "narHash": "sha256-V7DDbbl6h9OyVVMviURW1+pWU6ttYmuRuQRlFrlKZb0=",
        "owner": "nixos",
        "repo": "nixpkgs",
        "rev": "6f3e97e3f8cca69ad2528c8459682900a9b34a2f",
        "type": "github"
      },
      "original": {
        "owner": "nixos",
        "ref": "nixos-20.09",
        "repo": "nixpkgs",
        "type": "github"
      }
    },
    "nur": {
      "locked": {
        "lastModified": 1623528927,
        "narHash": "sha256-TYRIjnfnuV+3UrBtMg4LEn2I7y7L+iLU5HNGQ5wI0iM=",
        "owner": "nix-community",
        "repo": "NUR",
        "rev": "642a595677aa548f36c6c48760350be4ad3098f1",
        "type": "github"
      },
      "original": {
        "owner": "nix-community",
        "repo": "NUR",
        "type": "github"
      }
    },
    "root": {
      "inputs": {
        "emacs-ng": "emacs-ng",
        "emacs-overlay": "emacs-overlay_2",
        "home-manager": "home-manager",
        "master": "master_2",
        "nixpkgs": "nixpkgs_2",
        "nur": "nur",
        "rust-overlay": "rust-overlay_2",
        "unstable": "unstable"
      }
    },
    "rust-overlay": {
      "inputs": {
        "flake-utils": "flake-utils_2",
        "nixpkgs": [
          "nixpkgs"
        ]
      },
      "locked": {
        "lastModified": 1620528214,
        "narHash": "sha256-Hj2Y1So8y3OsVxmAHz6M8KEJG7dgacPSmUBPH1y1JVE=",
        "owner": "oxalica",
        "repo": "rust-overlay",
        "rev": "0a6f544bc7d11819c9faabf87422e3837fb42645",
        "type": "github"
      },
      "original": {
        "owner": "oxalica",
        "repo": "rust-overlay",
        "type": "github"
      }
    },
    "rust-overlay_2": {
      "inputs": {
        "flake-utils": "flake-utils_3",
        "nixpkgs": [
          "nixpkgs"
        ]
      },
      "locked": {
        "lastModified": 1623723843,
        "narHash": "sha256-r46GP5ASOnmZvocW6gdoYgNCrTOOQ7BuI1a5Jo4oQIo=",
        "owner": "oxalica",
        "repo": "rust-overlay",
        "rev": "95d75d1c900ac5b43750adbd960b49b60753ad6e",
        "type": "github"
      },
      "original": {
        "owner": "oxalica",
        "repo": "rust-overlay",
        "type": "github"
      }
    },
    "unstable": {
      "locked": {
        "lastModified": 1623324058,
        "narHash": "sha256-Jm9GUTXdjXz56gWDKy++EpFfjrBaxqXlLvTLfgEi8lo=",
        "owner": "nixos",
        "repo": "nixpkgs",
        "rev": "432fc2d9a67f92e05438dff5fdc2b39d33f77997",
        "type": "github"
      },
      "original": {
        "owner": "nixos",
        "ref": "nixos-unstable",
        "repo": "nixpkgs",
        "type": "github"
      }
    }
  },
  "root": "root",
  "version": 7
}
